
Microsoft Visual Studio Solution File, Format Version 12.00
# Visual Studio Version 16
VisualStudioVersion = 16.0.30611.23
MinimumVisualStudioVersion = 10.0.40219.1
Project("{FAE04EC0-301F-11D3-BF4B-00C04F79EFBC}") = "Snail_Krypto_Projekt", "Snail_Krypto_Projekt.csproj", "{FFA560AA-52B3-4DBD-939C-FC9EBD457D97}"
EndProject
Global
	GlobalSection(SolutionConfigurationPlatforms) = preSolution
		Debug|Any CPU = Debug|Any CPU
		Release|Any CPU = Release|Any CPU
	EndGlobalSection
	GlobalSection(ProjectConfigurationPlatforms) = postSolution
		{FFA560AA-52B3-4DBD-939C-FC9EBD457D97}.Debug|Any CPU.ActiveCfg = Debug|Any CPU
		{FFA560AA-52B3-4DBD-939C-FC9EBD457D97}.Debug|Any CPU.Build.0 = Debug|Any CPU
		{FFA560AA-52B3-4DBD-939C-FC9EBD457D97}.Release|Any CPU.ActiveCfg = Release|Any CPU
		{FFA560AA-52B3-4DBD-939C-FC9EBD457D97}.Release|Any CPU.Build.0 = Release|Any CPU
	EndGlobalSection
	GlobalSection(SolutionProperties) = preSolution
		HideSolutionNode = FALSE
	EndGlobalSection
	GlobalSection(ExtensibilityGlobals) = postSolution
		SolutionGuid = {FDC5F576-56D3-48CC-B3C2-A6FC7386A76C}
	EndGlobalSection
EndGlobal
